
Microsoft Visual Studio Solution File, Format Version 12.00
# Visual Studio 2013
VisualStudioVersion = 12.0.31101.0
MinimumVisualStudioVersion = 10.0.40219.1
Project("{FAE04EC0-301F-11D3-BF4B-00C04F79EFBC}") = "Better.Run", "Better\Better.Run.csproj", "{EC6EF633-DACE-4D66-98D8-136477BCF161}"
EndProject
Project("{FAE04EC0-301F-11D3-BF4B-00C04F79EFBC}") = "Better.Stats", "Better.Stats\Better.Stats.csproj", "{0D214DA8-E109-47AC-A906-8F7B62C08226}"
EndProject
Project("{FAE04EC0-301F-11D3-BF4B-00C04F79EFBC}") = "Better.Web", "Better.Web\Better.Web.csproj", "{5F27A6A9-9DED-491C-8BFA-3A310C0B8A1F}"
EndProject
Project("{FAE04EC0-301F-11D3-BF4B-00C04F79EFBC}") = "Better.Data", "Better.Data\Better.Data.csproj", "{C630CC15-0B6A-4632-982B-49D70472F220}"
EndProject
Project("{FAE04EC0-301F-11D3-BF4B-00C04F79EFBC}") = "SunnySide", "SunnySide\SunnySide.csproj", "{1FBD62B8-20B1-41C8-9792-70FEE30C2922}"
EndProject
Global
	GlobalSection(SolutionConfigurationPlatforms) = preSolution
		Debug|Any CPU = Debug|Any CPU
		Release|Any CPU = Release|Any CPU
	EndGlobalSection
	GlobalSection(ProjectConfigurationPlatforms) = postSolution
		{EC6EF633-DACE-4D66-98D8-136477BCF161}.Debug|Any CPU.ActiveCfg = Debug|Any CPU
		{EC6EF633-DACE-4D66-98D8-136477BCF161}.Debug|Any CPU.Build.0 = Debug|Any CPU
		{EC6EF633-DACE-4D66-98D8-136477BCF161}.Release|Any CPU.ActiveCfg = Release|Any CPU
		{EC6EF633-DACE-4D66-98D8-136477BCF161}.Release|Any CPU.Build.0 = Release|Any CPU
		{0D214DA8-E109-47AC-A906-8F7B62C08226}.Debug|Any CPU.ActiveCfg = Debug|Any CPU
		{0D214DA8-E109-47AC-A906-8F7B62C08226}.Debug|Any CPU.Build.0 = Debug|Any CPU
		{0D214DA8-E109-47AC-A906-8F7B62C08226}.Release|Any CPU.ActiveCfg = Release|Any CPU
		{0D214DA8-E109-47AC-A906-8F7B62C08226}.Release|Any CPU.Build.0 = Release|Any CPU
		{5F27A6A9-9DED-491C-8BFA-3A310C0B8A1F}.Debug|Any CPU.ActiveCfg = Debug|Any CPU
		{5F27A6A9-9DED-491C-8BFA-3A310C0B8A1F}.Debug|Any CPU.Build.0 = Debug|Any CPU
		{5F27A6A9-9DED-491C-8BFA-3A310C0B8A1F}.Release|Any CPU.ActiveCfg = Release|Any CPU
		{5F27A6A9-9DED-491C-8BFA-3A310C0B8A1F}.Release|Any CPU.Build.0 = Release|Any CPU
		{C630CC15-0B6A-4632-982B-49D70472F220}.Debug|Any CPU.ActiveCfg = Debug|Any CPU
		{C630CC15-0B6A-4632-982B-49D70472F220}.Debug|Any CPU.Build.0 = Debug|Any CPU
		{C630CC15-0B6A-4632-982B-49D70472F220}.Release|Any CPU.ActiveCfg = Release|Any CPU
		{C630CC15-0B6A-4632-982B-49D70472F220}.Release|Any CPU.Build.0 = Release|Any CPU
		{1FBD62B8-20B1-41C8-9792-70FEE30C2922}.Debug|Any CPU.ActiveCfg = Debug|Any CPU
		{1FBD62B8-20B1-41C8-9792-70FEE30C2922}.Debug|Any CPU.Build.0 = Debug|Any CPU
		{1FBD62B8-20B1-41C8-9792-70FEE30C2922}.Release|Any CPU.ActiveCfg = Release|Any CPU
		{1FBD62B8-20B1-41C8-9792-70FEE30C2922}.Release|Any CPU.Build.0 = Release|Any CPU
	EndGlobalSection
	GlobalSection(SolutionProperties) = preSolution
		HideSolutionNode = FALSE
	EndGlobalSection
EndGlobal
